// !$*UTF8*$!
{
	archiveVersion = 1;
	classes = {
	};
	objectVersion = 46;
	objects = {

/* Begin PBXBuildFile section */
		D75671691DD11DA7005A0090 /* AppDelegate.swift in Sources */ = {isa = PBXBuildFile; fileRef = D75671681DD11DA7005A0090 /* AppDelegate.swift */; };
		D756716B1DD11DA7005A0090 /* ViewController.swift in Sources */ = {isa = PBXBuildFile; fileRef = D756716A1DD11DA7005A0090 /* ViewController.swift */; };
		D756716E1DD11DA7005A0090 /* Main.storyboard in Resources */ = {isa = PBXBuildFile; fileRef = D756716C1DD11DA7005A0090 /* Main.storyboard */; };
		D75671701DD11DA7005A0090 /* Assets.xcassets in Resources */ = {isa = PBXBuildFile; fileRef = D756716F1DD11DA7005A0090 /* Assets.xcassets */; };
		D75671731DD11DA7005A0090 /* LaunchScreen.storyboard in Resources */ = {isa = PBXBuildFile; fileRef = D75671711DD11DA7005A0090 /* LaunchScreen.storyboard */; };
/* End PBXBuildFile section */

/* Begin PBXFileReference section */
		D75671651DD11DA7005A0090 /* schedule.app */ = {isa = PBXFileReference; explicitFileType = wrapper.application; includeInIndex = 0; path = schedule.app; sourceTree = BUILT_PRODUCTS_DIR; };
		D75671681DD11DA7005A0090 /* AppDelegate.swift */ = {isa = PBXFileReference; lastKnownFileType = sourcecode.swift; path = AppDelegate.swift; sourceTree = "<group>"; };
		D756716A1DD11DA7005A0090 /* ViewController.swift */ = {isa = PBXFileReference; lastKnownFileType = sourcecode.swift; path = ViewController.swift; sourceTree = "<group>"; };
		D756716D1DD11DA7005A0090 /* Base */ = {isa = PBXFileReference; lastKnownFileType = file.storyboard; name = Base; path = Base.lproj/Main.storyboard; sourceTree = "<group>"; };
		D756716F1DD11DA7005A0090 /* Assets.xcassets */ = {isa = PBXFileReference; lastKnownFileType = folder.assetcatalog; path = Assets.xcassets; sourceTree = "<group>"; };
		D75671721DD11DA7005A0090 /* Base */ = {isa = PBXFileReference; lastKnownFileType = file.storyboard; name = Base; path = Base.lproj/LaunchScreen.storyboard; sourceTree = "<group>"; };
		D75671741DD11DA7005A0090 /* Info.plist */ = {isa = PBXFileReference; lastKnownFileType = text.plist.xml; path = Info.plist; sourceTree = "<group>"; };
/* End PBXFileReference section */

/* Begin PBXFrameworksBuildPhase section */
		D75671621DD11DA7005A0090 /* Frameworks */ = {
			isa = PBXFrameworksBuildPhase;
			buildActionMask = 2147483647;
			files = (
			);
			runOnlyForDeploymentPostprocessing = 0;
		};
/* End PBXFrameworksBuildPhase section */

/* Begin PBXGroup section */
		D756715C1DD11DA7005A0090 = {
			isa = PBXGroup;
			children = (
				D75671671DD11DA7005A0090 /* schedule */,
				D75671661DD11DA7005A0090 /* Products */,
			);
			sourceTree = "<group>";
		};
		D75671661DD11DA7005A0090 /* Products */ = {
			isa = PBXGroup;
			children = (
				D75671651DD11DA7005A0090 /* schedule.app */,
			);
			name = Products;
			sourceTree = "<group>";
		};
		D75671671DD11DA7005A0090 /* schedule */ = {
			isa = PBXGroup;
			children = (
				D75671681DD11DA7005A0090 /* AppDelegate.swift */,
				D756716A1DD11DA7005A0090 /* ViewController.swift */,
				D756716C1DD11DA7005A0090 /* Main.storyboard */,
				D756716F1DD11DA7005A0090 /* Assets.xcassets */,
				D75671711DD11DA7005A0090 /* LaunchScreen.storyboard */,
				D75671741DD11DA7005A0090 /* Info.plist */,
			);
			path = schedule;
			sourceTree = "<group>";
		};
/* End PBXGroup section */

/* Begin PBXNativeTarget section */
		D75671641DD11DA7005A0090 /* schedule */ = {
			isa = PBXNativeTarget;
			buildConfigurationList = D75671771DD11DA7005A0090 /* Build configuration list for PBXNativeTarget "schedule" */;
			buildPhases = (
				D75671611DD11DA7005A0090 /* Sources */,
				D75671621DD11DA7005A0090 /* Frameworks */,
				D75671631DD11DA7005A0090 /* Resources */,
			);
			buildRules = (
			);
			dependencies = (
			);
			name = schedule;
			productName = schedule;
			productReference = D75671651DD11DA7005A0090 /* schedule.app */;
			productType = "com.apple.product-type.application";
		};
/* End PBXNativeTarget section */

/* Begin PBXProject section */
		D756715D1DD11DA7005A0090 /* Project object */ = {
			isa = PBXProject;
			attributes = {
				LastSwiftUpdateCheck = 0730;
				LastUpgradeCheck = 0730;
				ORGANIZATIONNAME = "John Hersey High School";
				TargetAttributes = {
					D75671641DD11DA7005A0090 = {
						CreatedOnToolsVersion = 7.3.1;
						DevelopmentTeam = S865UNFH2U;
						LastSwiftMigration = 0810;
					};
				};
			};
			buildConfigurationList = D75671601DD11DA7005A0090 /* Build configuration list for PBXProject "schedule" */;
			compatibilityVersion = "Xcode 3.2";
			developmentRegion = English;
			hasScannedForEncodings = 0;
			knownRegions = (
				en,
				Base,
			);
			mainGroup = D756715C1DD11DA7005A0090;
			productRefGroup = D75671661DD11DA7005A0090 /* Products */;
			projectDirPath = "";
			projectRoot = "";
			targets = (
				D75671641DD11DA7005A0090 /* schedule */,
			);
		};
/* End PBXProject section */

/* Begin PBXResourcesBuildPhase section */
		D75671631DD11DA7005A0090 /* Resources */ = {
			isa = PBXResourcesBuildPhase;
			buildActionMask = 2147483647;
			files = (
				D75671731DD11DA7005A0090 /* LaunchScreen.storyboard in Resources */,
				D75671701DD11DA7005A0090 /* Assets.xcassets in Resources */,
				D756716E1DD11DA7005A0090 /* Main.storyboard in Resources */,
			);
			runOnlyForDeploymentPostprocessing = 0;
		};
/* End PBXResourcesBuildPhase section */

/* Begin PBXSourcesBuildPhase section */
		D75671611DD11DA7005A0090 /* Sources */ = {
			isa = PBXSourcesBuildPhase;
			buildActionMask = 2147483647;
			files = (
				D756716B1DD11DA7005A0090 /* ViewController.swift in Sources */,
				D75671691DD11DA7005A0090 /* AppDelegate.swift in Sources */,
			);
			runOnlyForDeploymentPostprocessing = 0;
		};
/* End PBXSourcesBuildPhase section */

/* Begin PBXVariantGroup section */
		D756716C1DD11DA7005A0090 /* Main.storyboard */ = {
			isa = PBXVariantGroup;
			children = (
				D756716D1DD11DA7005A0090 /* Base */,
			);
			name = Main.storyboard;
			sourceTree = "<group>";
		};
		D75671711DD11DA7005A0090 /* LaunchScreen.storyboard */ = {
			isa = PBXVariantGroup;
			children = (
				D75671721DD11DA7005A0090 /* Base */,
			);
			name = LaunchScreen.storyboard;
			sourceTree = "<group>";
		};
/* End PBXVariantGroup section */

/* Begin XCBuildConfiguration section */
		D75671751DD11DA7005A0090 /* Debug */ = {
			isa = XCBuildConfiguration;
			buildSettings = {
				ALWAYS_SEARCH_USER_PATHS = NO;
				CLANG_ANALYZER_NONNULL = YES;
				CLANG_CXX_LANGUAGE_STANDARD = "gnu++0x";
				CLANG_CXX_LIBRARY = "libc++";
				CLANG_ENABLE_MODULES = YES;
				CLANG_ENABLE_OBJC_ARC = YES;
				CLANG_WARN_BOOL_CONVERSION = YES;
				CLANG_WARN_CONSTANT_CONVERSION = YES;
				CLANG_WARN_DIRECT_OBJC_ISA_USAGE = YES_ERROR;
				CLANG_WARN_EMPTY_BODY = YES;
				CLANG_WARN_ENUM_CONVERSION = YES;
				CLANG_WARN_INT_CONVERSION = YES;
				CLANG_WARN_OBJC_ROOT_CLASS = YES_ERROR;
				CLANG_WARN_UNREACHABLE_CODE = YES;
				CLANG_WARN__DUPLICATE_METHOD_MATCH = YES;
				"CODE_SIGN_IDENTITY[sdk=iphoneos*]" = "iPhone Developer";
				COPY_PHASE_STRIP = NO;
				DEBUG_INFORMATION_FORMAT = dwarf;
				ENABLE_STRICT_OBJC_MSGSEND = YES;
				ENABLE_TESTABILITY = YES;
				GCC_C_LANGUAGE_STANDARD = gnu99;
				GCC_DYNAMIC_NO_PIC = NO;
				GCC_NO_COMMON_BLOCKS = YES;
				GCC_OPTIMIZATION_LEVEL = 0;
				GCC_PREPROCESSOR_DEFINITIONS = (
					"DEBUG=1",
					"$(inherited)",
				);
				GCC_WARN_64_TO_32_BIT_CONVERSION = YES;
				GCC_WARN_ABOUT_RETURN_TYPE = YES_ERROR;
				GCC_WARN_UNDECLARED_SELECTOR = YES;
				GCC_WARN_UNINITIALIZED_AUTOS = YES_AGGRESSIVE;
				GCC_WARN_UNUSED_FUNCTION = YES;
				GCC_WARN_UNUSED_VARIABLE = YES;
				IPHONEOS_DEPLOYMENT_TARGET = 9.3;
				MTL_ENABLE_DEBUG_INFO = YES;
				ONLY_ACTIVE_ARCH = YES;
				SDKROOT = iphoneos;
				SWIFT_OPTIMIZATION_LEVEL = "-Onone";
				TARGETED_DEVICE_FAMILY = "1,2";
			};
			name = Debug;
		};
		D75671761DD11DA7005A0090 /* Release */ = {
			isa = XCBuildConfiguration;
			buildSettings = {
				ALWAYS_SEARCH_USER_PATHS = NO;
				CLANG_ANALYZER_NONNULL = YES;
				CLANG_CXX_LANGUAGE_STANDARD = "gnu++0x";
				CLANG_CXX_LIBRARY = "libc++";
				CLANG_ENABLE_MODULES = YES;
				CLANG_ENABLE_OBJC_ARC = YES;
				CLANG_WARN_BOOL_CONVERSION = YES;
				CLANG_WARN_CONSTANT_CONVERSION = YES;
				CLANG_WARN_DIRECT_OBJC_ISA_USAGE = YES_ERROR;
				CLANG_WARN_EMPTY_BODY = YES;
				CLANG_WARN_ENUM_CONVERSION = YES;
				CLANG_WARN_INT_CONVERSION = YES;
				CLANG_WARN_OBJC_ROOT_CLASS = YES_ERROR;
				CLANG_WARN_UNREACHABLE_CODE = YES;
				CLANG_WARN__DUPLICATE_METHOD_MATCH = YES;
				"CODE_SIGN_IDENTITY[sdk=iphoneos*]" = "iPhone Developer";
				COPY_PHASE_STRIP = NO;
				DEBUG_INFORMATION_FORMAT = "dwarf-with-dsym";
				ENABLE_NS_ASSERTIONS = NO;
				ENABLE_STRICT_OBJC_MSGSEND = YES;
				GCC_C_LANGUAGE_STANDARD = gnu99;
				GCC_NO_COMMON_BLOCKS = YES;
				GCC_WARN_64_TO_32_BIT_CONVERSION = YES;
				GCC_WARN_ABOUT_RETURN_TYPE = YES_ERROR;
				GCC_WARN_UNDECLARED_SELECTOR = YES;
				GCC_WARN_UNINITIALIZED_AUTOS = YES_AGGRESSIVE;
				GCC_WARN_UNUSED_FUNCTION = YES;
				GCC_WARN_UNUSED_VARIABLE = YES;
				IPHONEOS_DEPLOYMENT_TARGET = 9.3;
				MTL_ENABLE_DEBUG_INFO = NO;
				SDKROOT = iphoneos;
				TARGETED_DEVICE_FAMILY = "1,2";
				VALIDATE_PRODUCT = YES;
			};
			name = Release;
		};
		D75671781DD11DA7005A0090 /* Debug */ = {
			isa = XCBuildConfiguration;
			buildSettings = {
				ASSETCATALOG_COMPILER_APPICON_NAME = AppIcon;
				DEVELOPMENT_TEAM = S865UNFH2U;
				INFOPLIST_FILE = schedule/Info.plist;
				LD_RUNPATH_SEARCH_PATHS = "$(inherited) @executable_path/Frameworks";
				PRODUCT_BUNDLE_IDENTIFIER = org.jhhs620444.schedule;
				PRODUCT_NAME = "$(TARGET_NAME)";
				SWIFT_VERSION = 3.0;
			};
			name = Debug;
		};
		D75671791DD11DA7005A0090 /* Release */ = {
			isa = XCBuildConfiguration;
			buildSettings = {
				ASSETCATALOG_COMPILER_APPICON_NAME = AppIcon;
				DEVELOPMENT_TEAM = S865UNFH2U;
				INFOPLIST_FILE = schedule/Info.plist;
				LD_RUNPATH_SEARCH_PATHS = "$(inherited) @executable_path/Frameworks";
				PRODUCT_BUNDLE_IDENTIFIER = org.jhhs620444.schedule;
				PRODUCT_NAME = "$(TARGET_NAME)";
				SWIFT_VERSION = 3.0;
			};
			name = Release;
		};
/* End XCBuildConfiguration section */

/* Begin XCConfigurationList section */
		D75671601DD11DA7005A0090 /* Build configuration list for PBXProject "schedule" */ = {
			isa = XCConfigurationList;
			buildConfigurations = (
				D75671751DD11DA7005A0090 /* Debug */,
				D75671761DD11DA7005A0090 /* Release */,
			);
			defaultConfigurationIsVisible = 0;
			defaultConfigurationName = Release;
		};
		D75671771DD11DA7005A0090 /* Build configuration list for PBXNativeTarget "schedule" */ = {
			isa = XCConfigurationList;
			buildConfigurations = (
				D75671781DD11DA7005A0090 /* Debug */,
				D75671791DD11DA7005A0090 /* Release */,
			);
			defaultConfigurationIsVisible = 0;
			defaultConfigurationName = Release;
		};
/* End XCConfigurationList section */
	};
	rootObject = D756715D1DD11DA7005A0090 /* Project object */;
}
